
Microsoft Visual Studio Solution File, Format Version 12.00
# Visual Studio Version 16
VisualStudioVersion = 16.0.31729.503
MinimumVisualStudioVersion = 10.0.40219.1
Project("{888888A0-9F3D-457C-B088-3A5042F75D52}") = "zooEmployeeApp", "zooEmployeeApp.pyproj", "{C1435DC9-87B1-4051-B47D-B17E21958D6F}"
EndProject
Global
	GlobalSection(SolutionConfigurationPlatforms) = preSolution
		Debug|Any CPU = Debug|Any CPU
		Release|Any CPU = Release|Any CPU
	EndGlobalSection
	GlobalSection(ProjectConfigurationPlatforms) = postSolution
		{C1435DC9-87B1-4051-B47D-B17E21958D6F}.Debug|Any CPU.ActiveCfg = Debug|Any CPU
		{C1435DC9-87B1-4051-B47D-B17E21958D6F}.Release|Any CPU.ActiveCfg = Release|Any CPU
	EndGlobalSection
	GlobalSection(SolutionProperties) = preSolution
		HideSolutionNode = FALSE
	EndGlobalSection
	GlobalSection(ExtensibilityGlobals) = postSolution
		SolutionGuid = {DAD86B68-D1D2-415A-9D9B-619494D76398}
	EndGlobalSection
EndGlobal
